
Microsoft Visual Studio Solution File, Format Version 12.00
# Visual Studio 15
VisualStudioVersion = 15.0.27130.2027
MinimumVisualStudioVersion = 10.0.40219.1
Project("{FAE04EC0-301F-11D3-BF4B-00C04F79EFBC}") = "GdaxBot", "GdaxBot\GdaxBot.csproj", "{099640D7-FC04-4988-8BA6-0C00379626FD}"
EndProject
Global
	GlobalSection(SolutionConfigurationPlatforms) = preSolution
		Debug|Any CPU = Debug|Any CPU
		Release|Any CPU = Release|Any CPU
	EndGlobalSection
	GlobalSection(ProjectConfigurationPlatforms) = postSolution
		{099640D7-FC04-4988-8BA6-0C00379626FD}.Debug|Any CPU.ActiveCfg = Debug|Any CPU
		{099640D7-FC04-4988-8BA6-0C00379626FD}.Debug|Any CPU.Build.0 = Debug|Any CPU
		{099640D7-FC04-4988-8BA6-0C00379626FD}.Release|Any CPU.ActiveCfg = Release|Any CPU
		{099640D7-FC04-4988-8BA6-0C00379626FD}.Release|Any CPU.Build.0 = Release|Any CPU
	EndGlobalSection
	GlobalSection(SolutionProperties) = preSolution
		HideSolutionNode = FALSE
	EndGlobalSection
	GlobalSection(ExtensibilityGlobals) = postSolution
		SolutionGuid = {74952A97-1C9B-4743-BC24-AAF7438FC3F1}
	EndGlobalSection
EndGlobal
